// !$*UTF8*$!
{
	archiveVersion = 1;
	classes = {
	};
	objectVersion = 77;
	objects = {

/* Begin PBXBuildFile section */
		7313AC712DD464A50079C915 /* Preview Assets.xcassets in Resources */ = {isa = PBXBuildFile; fileRef = 7313AC6B2DD464A50079C915 /* Preview Assets.xcassets */; };
		7313AC722DD464A50079C915 /* Assets.xcassets in Resources */ = {isa = PBXBuildFile; fileRef = 7313AC6D2DD464A50079C915 /* Assets.xcassets */; };
		7313AC742DD464A50079C915 /* SwiftUI_TestCaseApp.swift in Sources */ = {isa = PBXBuildFile; fileRef = 7313AC6F2DD464A50079C915 /* SwiftUI_TestCaseApp.swift */; };
		7313AC772DD464AA0079C915 /* SwiftUI_TestCaseTests.swift in Sources */ = {isa = PBXBuildFile; fileRef = 7313AC752DD464AA0079C915 /* SwiftUI_TestCaseTests.swift */; };
		7313AC7B2DD464E80079C915 /* HomeModel.swift in Sources */ = {isa = PBXBuildFile; fileRef = 7313AC7A2DD464DF0079C915 /* HomeModel.swift */; };
		7313AC7E2DD4653E0079C915 /* HomeViewModel.swift in Sources */ = {isa = PBXBuildFile; fileRef = 7313AC7D2DD465380079C915 /* HomeViewModel.swift */; };
		7313AC812DD466820079C915 /* HomeView.swift in Sources */ = {isa = PBXBuildFile; fileRef = 7313AC802DD466820079C915 /* HomeView.swift */; };
/* End PBXBuildFile section */

/* Begin PBXContainerItemProxy section */
		7313AC4F2DD4645E0079C915 /* PBXContainerItemProxy */ = {
			isa = PBXContainerItemProxy;
			containerPortal = 7313AC362DD4645C0079C915 /* Project object */;
			proxyType = 1;
			remoteGlobalIDString = 7313AC3D2DD4645C0079C915;
			remoteInfo = SwiftUI_TestCase;
		};
/* End PBXContainerItemProxy section */

/* Begin PBXFileReference section */
		7313AC3E2DD4645C0079C915 /* SwiftUI_TestCase.app */ = {isa = PBXFileReference; explicitFileType = wrapper.application; includeInIndex = 0; path = SwiftUI_TestCase.app; sourceTree = BUILT_PRODUCTS_DIR; };
		7313AC4E2DD4645E0079C915 /* SwiftUI_TestCaseTests.xctest */ = {isa = PBXFileReference; explicitFileType = wrapper.cfbundle; includeInIndex = 0; path = SwiftUI_TestCaseTests.xctest; sourceTree = BUILT_PRODUCTS_DIR; };
		7313AC6B2DD464A50079C915 /* Preview Assets.xcassets */ = {isa = PBXFileReference; lastKnownFileType = folder.assetcatalog; path = "Preview Assets.xcassets"; sourceTree = "<group>"; };
		7313AC6D2DD464A50079C915 /* Assets.xcassets */ = {isa = PBXFileReference; lastKnownFileType = folder.assetcatalog; path = Assets.xcassets; sourceTree = "<group>"; };
		7313AC6F2DD464A50079C915 /* SwiftUI_TestCaseApp.swift */ = {isa = PBXFileReference; lastKnownFileType = sourcecode.swift; path = SwiftUI_TestCaseApp.swift; sourceTree = "<group>"; };
		7313AC752DD464AA0079C915 /* SwiftUI_TestCaseTests.swift */ = {isa = PBXFileReference; lastKnownFileType = sourcecode.swift; path = SwiftUI_TestCaseTests.swift; sourceTree = "<group>"; };
		7313AC7A2DD464DF0079C915 /* HomeModel.swift */ = {isa = PBXFileReference; lastKnownFileType = sourcecode.swift; path = HomeModel.swift; sourceTree = "<group>"; };
		7313AC7D2DD465380079C915 /* HomeViewModel.swift */ = {isa = PBXFileReference; lastKnownFileType = sourcecode.swift; path = HomeViewModel.swift; sourceTree = "<group>"; };
		7313AC802DD466820079C915 /* HomeView.swift */ = {isa = PBXFileReference; lastKnownFileType = sourcecode.swift; path = HomeView.swift; sourceTree = "<group>"; };
/* End PBXFileReference section */

/* Begin PBXFrameworksBuildPhase section */
		7313AC3B2DD4645C0079C915 /* Frameworks */ = {
			isa = PBXFrameworksBuildPhase;
			buildActionMask = 2147483647;
			files = (
			);
			runOnlyForDeploymentPostprocessing = 0;
		};
		7313AC4B2DD4645E0079C915 /* Frameworks */ = {
			isa = PBXFrameworksBuildPhase;
			buildActionMask = 2147483647;
			files = (
			);
			runOnlyForDeploymentPostprocessing = 0;
		};
/* End PBXFrameworksBuildPhase section */

/* Begin PBXGroup section */
		7313AC352DD4645C0079C915 = {
			isa = PBXGroup;
			children = (
				7313AC702DD464A50079C915 /* SwiftUI_TestCase */,
				7313AC762DD464AA0079C915 /* SwiftUI_TestCaseTests */,
				7313AC3F2DD4645C0079C915 /* Products */,
			);
			sourceTree = "<group>";
		};
		7313AC3F2DD4645C0079C915 /* Products */ = {
			isa = PBXGroup;
			children = (
				7313AC3E2DD4645C0079C915 /* SwiftUI_TestCase.app */,
				7313AC4E2DD4645E0079C915 /* SwiftUI_TestCaseTests.xctest */,
			);
			name = Products;
			sourceTree = "<group>";
		};
		7313AC6C2DD464A50079C915 /* Preview Content */ = {
			isa = PBXGroup;
			children = (
				7313AC6B2DD464A50079C915 /* Preview Assets.xcassets */,
			);
			path = "Preview Content";
			sourceTree = "<group>";
		};
		7313AC702DD464A50079C915 /* SwiftUI_TestCase */ = {
			isa = PBXGroup;
			children = (
				7313AC782DD464C50079C915 /* Home */,
				7313AC6C2DD464A50079C915 /* Preview Content */,
				7313AC6D2DD464A50079C915 /* Assets.xcassets */,
				7313AC6F2DD464A50079C915 /* SwiftUI_TestCaseApp.swift */,
			);
			path = SwiftUI_TestCase;
			sourceTree = "<group>";
		};
		7313AC762DD464AA0079C915 /* SwiftUI_TestCaseTests */ = {
			isa = PBXGroup;
			children = (
				7313AC752DD464AA0079C915 /* SwiftUI_TestCaseTests.swift */,
			);
			path = SwiftUI_TestCaseTests;
			sourceTree = "<group>";
		};
		7313AC782DD464C50079C915 /* Home */ = {
			isa = PBXGroup;
			children = (
				7313AC792DD464D90079C915 /* Model */,
				7313AC7C2DD465260079C915 /* ViewModel */,
				7313AC7F2DD466190079C915 /* View */,
			);
			path = Home;
			sourceTree = "<group>";
		};
		7313AC792DD464D90079C915 /* Model */ = {
			isa = PBXGroup;
			children = (
				7313AC7A2DD464DF0079C915 /* HomeModel.swift */,
			);
			path = Model;
			sourceTree = "<group>";
		};
		7313AC7C2DD465260079C915 /* ViewModel */ = {
			isa = PBXGroup;
			children = (
				7313AC7D2DD465380079C915 /* HomeViewModel.swift */,
			);
			path = ViewModel;
			sourceTree = "<group>";
		};
		7313AC7F2DD466190079C915 /* View */ = {
			isa = PBXGroup;
			children = (
				7313AC802DD466820079C915 /* HomeView.swift */,
			);
			path = View;
			sourceTree = "<group>";
		};
/* End PBXGroup section */

/* Begin PBXNativeTarget section */
		7313AC3D2DD4645C0079C915 /* SwiftUI_TestCase */ = {
			isa = PBXNativeTarget;
			buildConfigurationList = 7313AC622DD4645E0079C915 /* Build configuration list for PBXNativeTarget "SwiftUI_TestCase" */;
			buildPhases = (
				7313AC3A2DD4645C0079C915 /* Sources */,
				7313AC3B2DD4645C0079C915 /* Frameworks */,
				7313AC3C2DD4645C0079C915 /* Resources */,
			);
			buildRules = (
			);
			dependencies = (
			);
			name = SwiftUI_TestCase;
			packageProductDependencies = (
			);
			productName = SwiftUI_TestCase;
			productReference = 7313AC3E2DD4645C0079C915 /* SwiftUI_TestCase.app */;
			productType = "com.apple.product-type.application";
		};
		7313AC4D2DD4645E0079C915 /* SwiftUI_TestCaseTests */ = {
			isa = PBXNativeTarget;
			buildConfigurationList = 7313AC652DD4645E0079C915 /* Build configuration list for PBXNativeTarget "SwiftUI_TestCaseTests" */;
			buildPhases = (
				7313AC4A2DD4645E0079C915 /* Sources */,
				7313AC4B2DD4645E0079C915 /* Frameworks */,
				7313AC4C2DD4645E0079C915 /* Resources */,
			);
			buildRules = (
			);
			dependencies = (
				7313AC502DD4645E0079C915 /* PBXTargetDependency */,
			);
			name = SwiftUI_TestCaseTests;
			packageProductDependencies = (
			);
			productName = SwiftUI_TestCaseTests;
			productReference = 7313AC4E2DD4645E0079C915 /* SwiftUI_TestCaseTests.xctest */;
			productType = "com.apple.product-type.bundle.unit-test";
		};
/* End PBXNativeTarget section */

/* Begin PBXProject section */
		7313AC362DD4645C0079C915 /* Project object */ = {
			isa = PBXProject;
			attributes = {
				BuildIndependentTargetsInParallel = 1;
				LastSwiftUpdateCheck = 1620;
				LastUpgradeCheck = 1620;
				TargetAttributes = {
					7313AC3D2DD4645C0079C915 = {
						CreatedOnToolsVersion = 16.2;
					};
					7313AC4D2DD4645E0079C915 = {
						CreatedOnToolsVersion = 16.2;
						TestTargetID = 7313AC3D2DD4645C0079C915;
					};
				};
			};
			buildConfigurationList = 7313AC392DD4645C0079C915 /* Build configuration list for PBXProject "SwiftUI_TestCase" */;
			developmentRegion = en;
			hasScannedForEncodings = 0;
			knownRegions = (
				en,
				Base,
			);
			mainGroup = 7313AC352DD4645C0079C915;
			minimizedProjectReferenceProxies = 1;
			preferredProjectObjectVersion = 77;
			productRefGroup = 7313AC3F2DD4645C0079C915 /* Products */;
			projectDirPath = "";
			projectRoot = "";
			targets = (
				7313AC3D2DD4645C0079C915 /* SwiftUI_TestCase */,
				7313AC4D2DD4645E0079C915 /* SwiftUI_TestCaseTests */,
			);
		};
/* End PBXProject section */

/* Begin PBXResourcesBuildPhase section */
		7313AC3C2DD4645C0079C915 /* Resources */ = {
			isa = PBXResourcesBuildPhase;
			buildActionMask = 2147483647;
			files = (
				7313AC712DD464A50079C915 /* Preview Assets.xcassets in Resources */,
				7313AC722DD464A50079C915 /* Assets.xcassets in Resources */,
			);
			runOnlyForDeploymentPostprocessing = 0;
		};
		7313AC4C2DD4645E0079C915 /* Resources */ = {
			isa = PBXResourcesBuildPhase;
			buildActionMask = 2147483647;
			files = (
			);
			runOnlyForDeploymentPostprocessing = 0;
		};
/* End PBXResourcesBuildPhase section */

/* Begin PBXSourcesBuildPhase section */
		7313AC3A2DD4645C0079C915 /* Sources */ = {
			isa = PBXSourcesBuildPhase;
			buildActionMask = 2147483647;
			files = (
				7313AC7B2DD464E80079C915 /* HomeModel.swift in Sources */,
				7313AC812DD466820079C915 /* HomeView.swift in Sources */,
				7313AC7E2DD4653E0079C915 /* HomeViewModel.swift in Sources */,
				7313AC742DD464A50079C915 /* SwiftUI_TestCaseApp.swift in Sources */,
			);
			runOnlyForDeploymentPostprocessing = 0;
		};
		7313AC4A2DD4645E0079C915 /* Sources */ = {
			isa = PBXSourcesBuildPhase;
			buildActionMask = 2147483647;
			files = (
				7313AC772DD464AA0079C915 /* SwiftUI_TestCaseTests.swift in Sources */,
			);
			runOnlyForDeploymentPostprocessing = 0;
		};
/* End PBXSourcesBuildPhase section */

/* Begin PBXTargetDependency section */
		7313AC502DD4645E0079C915 /* PBXTargetDependency */ = {
			isa = PBXTargetDependency;
			target = 7313AC3D2DD4645C0079C915 /* SwiftUI_TestCase */;
			targetProxy = 7313AC4F2DD4645E0079C915 /* PBXContainerItemProxy */;
		};
/* End PBXTargetDependency section */

/* Begin XCBuildConfiguration section */
		7313AC602DD4645E0079C915 /* Debug */ = {
			isa = XCBuildConfiguration;
			buildSettings = {
				ALWAYS_SEARCH_USER_PATHS = NO;
				ASSETCATALOG_COMPILER_GENERATE_SWIFT_ASSET_SYMBOL_EXTENSIONS = YES;
				CLANG_ANALYZER_NONNULL = YES;
				CLANG_ANALYZER_NUMBER_OBJECT_CONVERSION = YES_AGGRESSIVE;
				CLANG_CXX_LANGUAGE_STANDARD = "gnu++20";
				CLANG_ENABLE_MODULES = YES;
				CLANG_ENABLE_OBJC_ARC = YES;
				CLANG_ENABLE_OBJC_WEAK = YES;
				CLANG_WARN_BLOCK_CAPTURE_AUTORELEASING = YES;
				CLANG_WARN_BOOL_CONVERSION = YES;
				CLANG_WARN_COMMA = YES;
				CLANG_WARN_CONSTANT_CONVERSION = YES;
				CLANG_WARN_DEPRECATED_OBJC_IMPLEMENTATIONS = YES;
				CLANG_WARN_DIRECT_OBJC_ISA_USAGE = YES_ERROR;
				CLANG_WARN_DOCUMENTATION_COMMENTS = YES;
				CLANG_WARN_EMPTY_BODY = YES;
				CLANG_WARN_ENUM_CONVERSION = YES;
				CLANG_WARN_INFINITE_RECURSION = YES;
				CLANG_WARN_INT_CONVERSION = YES;
				CLANG_WARN_NON_LITERAL_NULL_CONVERSION = YES;
				CLANG_WARN_OBJC_IMPLICIT_RETAIN_SELF = YES;
				CLANG_WARN_OBJC_LITERAL_CONVERSION = YES;
				CLANG_WARN_OBJC_ROOT_CLASS = YES_ERROR;
				CLANG_WARN_QUOTED_INCLUDE_IN_FRAMEWORK_HEADER = YES;
				CLANG_WARN_RANGE_LOOP_ANALYSIS = YES;
				CLANG_WARN_STRICT_PROTOTYPES = YES;
				CLANG_WARN_SUSPICIOUS_MOVE = YES;
				CLANG_WARN_UNGUARDED_AVAILABILITY = YES_AGGRESSIVE;
				CLANG_WARN_UNREACHABLE_CODE = YES;
				CLANG_WARN__DUPLICATE_METHOD_MATCH = YES;
				COPY_PHASE_STRIP = NO;
				DEBUG_INFORMATION_FORMAT = dwarf;
				ENABLE_STRICT_OBJC_MSGSEND = YES;
				ENABLE_TESTABILITY = YES;
				ENABLE_USER_SCRIPT_SANDBOXING = YES;
				GCC_C_LANGUAGE_STANDARD = gnu17;
				GCC_DYNAMIC_NO_PIC = NO;
				GCC_NO_COMMON_BLOCKS = YES;
				GCC_OPTIMIZATION_LEVEL = 0;
				GCC_PREPROCESSOR_DEFINITIONS = (
					"DEBUG=1",
					"$(inherited)",
				);
				GCC_WARN_64_TO_32_BIT_CONVERSION = YES;
				GCC_WARN_ABOUT_RETURN_TYPE = YES_ERROR;
				GCC_WARN_UNDECLARED_SELECTOR = YES;
				GCC_WARN_UNINITIALIZED_AUTOS = YES_AGGRESSIVE;
				GCC_WARN_UNUSED_FUNCTION = YES;
				GCC_WARN_UNUSED_VARIABLE = YES;
				IPHONEOS_DEPLOYMENT_TARGET = 18.2;
				LOCALIZATION_PREFERS_STRING_CATALOGS = YES;
				MTL_ENABLE_DEBUG_INFO = INCLUDE_SOURCE;
				MTL_FAST_MATH = YES;
				ONLY_ACTIVE_ARCH = YES;
				SDKROOT = iphoneos;
				SWIFT_ACTIVE_COMPILATION_CONDITIONS = "DEBUG $(inherited)";
				SWIFT_OPTIMIZATION_LEVEL = "-Onone";
			};
			name = Debug;
		};
		7313AC612DD4645E0079C915 /* Release */ = {
			isa = XCBuildConfiguration;
			buildSettings = {
				ALWAYS_SEARCH_USER_PATHS = NO;
				ASSETCATALOG_COMPILER_GENERATE_SWIFT_ASSET_SYMBOL_EXTENSIONS = YES;
				CLANG_ANALYZER_NONNULL = YES;
				CLANG_ANALYZER_NUMBER_OBJECT_CONVERSION = YES_AGGRESSIVE;
				CLANG_CXX_LANGUAGE_STANDARD = "gnu++20";
				CLANG_ENABLE_MODULES = YES;
				CLANG_ENABLE_OBJC_ARC = YES;
				CLANG_ENABLE_OBJC_WEAK = YES;
				CLANG_WARN_BLOCK_CAPTURE_AUTORELEASING = YES;
				CLANG_WARN_BOOL_CONVERSION = YES;
				CLANG_WARN_COMMA = YES;
				CLANG_WARN_CONSTANT_CONVERSION = YES;
				CLANG_WARN_DEPRECATED_OBJC_IMPLEMENTATIONS = YES;
				CLANG_WARN_DIRECT_OBJC_ISA_USAGE = YES_ERROR;
				CLANG_WARN_DOCUMENTATION_COMMENTS = YES;
				CLANG_WARN_EMPTY_BODY = YES;
				CLANG_WARN_ENUM_CONVERSION = YES;
				CLANG_WARN_INFINITE_RECURSION = YES;
				CLANG_WARN_INT_CONVERSION = YES;
				CLANG_WARN_NON_LITERAL_NULL_CONVERSION = YES;
				CLANG_WARN_OBJC_IMPLICIT_RETAIN_SELF = YES;
				CLANG_WARN_OBJC_LITERAL_CONVERSION = YES;
				CLANG_WARN_OBJC_ROOT_CLASS = YES_ERROR;
				CLANG_WARN_QUOTED_INCLUDE_IN_FRAMEWORK_HEADER = YES;
				CLANG_WARN_RANGE_LOOP_ANALYSIS = YES;
				CLANG_WARN_STRICT_PROTOTYPES = YES;
				CLANG_WARN_SUSPICIOUS_MOVE = YES;
				CLANG_WARN_UNGUARDED_AVAILABILITY = YES_AGGRESSIVE;
				CLANG_WARN_UNREACHABLE_CODE = YES;
				CLANG_WARN__DUPLICATE_METHOD_MATCH = YES;
				COPY_PHASE_STRIP = NO;
				DEBUG_INFORMATION_FORMAT = "dwarf-with-dsym";
				ENABLE_NS_ASSERTIONS = NO;
				ENABLE_STRICT_OBJC_MSGSEND = YES;
				ENABLE_USER_SCRIPT_SANDBOXING = YES;
				GCC_C_LANGUAGE_STANDARD = gnu17;
				GCC_NO_COMMON_BLOCKS = YES;
				GCC_WARN_64_TO_32_BIT_CONVERSION = YES;
				GCC_WARN_ABOUT_RETURN_TYPE = YES_ERROR;
				GCC_WARN_UNDECLARED_SELECTOR = YES;
				GCC_WARN_UNINITIALIZED_AUTOS = YES_AGGRESSIVE;
				GCC_WARN_UNUSED_FUNCTION = YES;
				GCC_WARN_UNUSED_VARIABLE = YES;
				IPHONEOS_DEPLOYMENT_TARGET = 18.2;
				LOCALIZATION_PREFERS_STRING_CATALOGS = YES;
				MTL_ENABLE_DEBUG_INFO = NO;
				MTL_FAST_MATH = YES;
				SDKROOT = iphoneos;
				SWIFT_COMPILATION_MODE = wholemodule;
				VALIDATE_PRODUCT = YES;
			};
			name = Release;
		};
		7313AC632DD4645E0079C915 /* Debug */ = {
			isa = XCBuildConfiguration;
			buildSettings = {
				ASSETCATALOG_COMPILER_APPICON_NAME = AppIcon;
				ASSETCATALOG_COMPILER_GLOBAL_ACCENT_COLOR_NAME = AccentColor;
				CODE_SIGN_STYLE = Automatic;
				CURRENT_PROJECT_VERSION = 1;
				DEVELOPMENT_ASSET_PATHS = "\"SwiftUI_TestCase/Preview Content\"";
				ENABLE_PREVIEWS = YES;
				GENERATE_INFOPLIST_FILE = YES;
				INFOPLIST_KEY_UIApplicationSceneManifest_Generation = YES;
				INFOPLIST_KEY_UIApplicationSupportsIndirectInputEvents = YES;
				INFOPLIST_KEY_UILaunchScreen_Generation = YES;
				INFOPLIST_KEY_UISupportedInterfaceOrientations_iPad = "UIInterfaceOrientationPortrait UIInterfaceOrientationPortraitUpsideDown UIInterfaceOrientationLandscapeLeft UIInterfaceOrientationLandscapeRight";
				INFOPLIST_KEY_UISupportedInterfaceOrientations_iPhone = "UIInterfaceOrientationPortrait UIInterfaceOrientationLandscapeLeft UIInterfaceOrientationLandscapeRight";
				LD_RUNPATH_SEARCH_PATHS = (
					"$(inherited)",
					"@executable_path/Frameworks",
				);
				MARKETING_VERSION = 1.0;
				PRODUCT_BUNDLE_IDENTIFIER = "com.SwiftUI-TestCase";
				PRODUCT_NAME = "$(TARGET_NAME)";
				SWIFT_EMIT_LOC_STRINGS = YES;
				SWIFT_VERSION = 5.0;
				TARGETED_DEVICE_FAMILY = "1,2";
			};
			name = Debug;
		};
		7313AC642DD4645E0079C915 /* Release */ = {
			isa = XCBuildConfiguration;
			buildSettings = {
				ASSETCATALOG_COMPILER_APPICON_NAME = AppIcon;
				ASSETCATALOG_COMPILER_GLOBAL_ACCENT_COLOR_NAME = AccentColor;
				CODE_SIGN_STYLE = Automatic;
				CURRENT_PROJECT_VERSION = 1;
				DEVELOPMENT_ASSET_PATHS = "\"SwiftUI_TestCase/Preview Content\"";
				ENABLE_PREVIEWS = YES;
				GENERATE_INFOPLIST_FILE = YES;
				INFOPLIST_KEY_UIApplicationSceneManifest_Generation = YES;
				INFOPLIST_KEY_UIApplicationSupportsIndirectInputEvents = YES;
				INFOPLIST_KEY_UILaunchScreen_Generation = YES;
				INFOPLIST_KEY_UISupportedInterfaceOrientations_iPad = "UIInterfaceOrientationPortrait UIInterfaceOrientationPortraitUpsideDown UIInterfaceOrientationLandscapeLeft UIInterfaceOrientationLandscapeRight";
				INFOPLIST_KEY_UISupportedInterfaceOrientations_iPhone = "UIInterfaceOrientationPortrait UIInterfaceOrientationLandscapeLeft UIInterfaceOrientationLandscapeRight";
				LD_RUNPATH_SEARCH_PATHS = (
					"$(inherited)",
					"@executable_path/Frameworks",
				);
				MARKETING_VERSION = 1.0;
				PRODUCT_BUNDLE_IDENTIFIER = "com.SwiftUI-TestCase";
				PRODUCT_NAME = "$(TARGET_NAME)";
				SWIFT_EMIT_LOC_STRINGS = YES;
				SWIFT_VERSION = 5.0;
				TARGETED_DEVICE_FAMILY = "1,2";
			};
			name = Release;
		};
		7313AC662DD4645E0079C915 /* Debug */ = {
			isa = XCBuildConfiguration;
			buildSettings = {
				BUNDLE_LOADER = "$(TEST_HOST)";
				CODE_SIGN_STYLE = Automatic;
				CURRENT_PROJECT_VERSION = 1;
				GENERATE_INFOPLIST_FILE = YES;
				IPHONEOS_DEPLOYMENT_TARGET = 18.2;
				MARKETING_VERSION = 1.0;
				PRODUCT_BUNDLE_IDENTIFIER = "com.SwiftUI-TestCaseTests";
				PRODUCT_NAME = "$(TARGET_NAME)";
				SWIFT_EMIT_LOC_STRINGS = NO;
				SWIFT_VERSION = 5.0;
				TARGETED_DEVICE_FAMILY = "1,2";
				TEST_HOST = "$(BUILT_PRODUCTS_DIR)/SwiftUI_TestCase.app/$(BUNDLE_EXECUTABLE_FOLDER_PATH)/SwiftUI_TestCase";
			};
			name = Debug;
		};
		7313AC672DD4645E0079C915 /* Release */ = {
			isa = XCBuildConfiguration;
			buildSettings = {
				BUNDLE_LOADER = "$(TEST_HOST)";
				CODE_SIGN_STYLE = Automatic;
				CURRENT_PROJECT_VERSION = 1;
				GENERATE_INFOPLIST_FILE = YES;
				IPHONEOS_DEPLOYMENT_TARGET = 18.2;
				MARKETING_VERSION = 1.0;
				PRODUCT_BUNDLE_IDENTIFIER = "com.SwiftUI-TestCaseTests";
				PRODUCT_NAME = "$(TARGET_NAME)";
				SWIFT_EMIT_LOC_STRINGS = NO;
				SWIFT_VERSION = 5.0;
				TARGETED_DEVICE_FAMILY = "1,2";
				TEST_HOST = "$(BUILT_PRODUCTS_DIR)/SwiftUI_TestCase.app/$(BUNDLE_EXECUTABLE_FOLDER_PATH)/SwiftUI_TestCase";
			};
			name = Release;
		};
/* End XCBuildConfiguration section */

/* Begin XCConfigurationList section */
		7313AC392DD4645C0079C915 /* Build configuration list for PBXProject "SwiftUI_TestCase" */ = {
			isa = XCConfigurationList;
			buildConfigurations = (
				7313AC602DD4645E0079C915 /* Debug */,
				7313AC612DD4645E0079C915 /* Release */,
			);
			defaultConfigurationIsVisible = 0;
			defaultConfigurationName = Release;
		};
		7313AC622DD4645E0079C915 /* Build configuration list for PBXNativeTarget "SwiftUI_TestCase" */ = {
			isa = XCConfigurationList;
			buildConfigurations = (
				7313AC632DD4645E0079C915 /* Debug */,
				7313AC642DD4645E0079C915 /* Release */,
			);
			defaultConfigurationIsVisible = 0;
			defaultConfigurationName = Release;
		};
		7313AC652DD4645E0079C915 /* Build configuration list for PBXNativeTarget "SwiftUI_TestCaseTests" */ = {
			isa = XCConfigurationList;
			buildConfigurations = (
				7313AC662DD4645E0079C915 /* Debug */,
				7313AC672DD4645E0079C915 /* Release */,
			);
			defaultConfigurationIsVisible = 0;
			defaultConfigurationName = Release;
		};
/* End XCConfigurationList section */
	};
	rootObject = 7313AC362DD4645C0079C915 /* Project object */;
}
